
Microsoft Visual Studio Solution File, Format Version 12.00
# Visual Studio Version 16
VisualStudioVersion = 16.0.29613.14
MinimumVisualStudioVersion = 10.0.40219.1
Project("{FAE04EC0-301F-11D3-BF4B-00C04F79EFBC}") = "CRT Injector", "CRT Injector.csproj", "{3DB63FEC-0FE3-473A-B97D-D78AA866C485}"
EndProject
Global
	GlobalSection(SolutionConfigurationPlatforms) = preSolution
		Debug|x64 = Debug|x64
		Debug|x86 = Debug|x86
		Release|x64 = Release|x64
		Release|x86 = Release|x86
	EndGlobalSection
	GlobalSection(ProjectConfigurationPlatforms) = postSolution
		{3DB63FEC-0FE3-473A-B97D-D78AA866C485}.Debug|x64.ActiveCfg = Debug|x64
		{3DB63FEC-0FE3-473A-B97D-D78AA866C485}.Debug|x64.Build.0 = Debug|x64
		{3DB63FEC-0FE3-473A-B97D-D78AA866C485}.Debug|x86.ActiveCfg = Debug|x86
		{3DB63FEC-0FE3-473A-B97D-D78AA866C485}.Debug|x86.Build.0 = Debug|x86
		{3DB63FEC-0FE3-473A-B97D-D78AA866C485}.Release|x64.ActiveCfg = Release|x64
		{3DB63FEC-0FE3-473A-B97D-D78AA866C485}.Release|x64.Build.0 = Release|x64
		{3DB63FEC-0FE3-473A-B97D-D78AA866C485}.Release|x86.ActiveCfg = Release|x86
		{3DB63FEC-0FE3-473A-B97D-D78AA866C485}.Release|x86.Build.0 = Release|x86
	EndGlobalSection
	GlobalSection(SolutionProperties) = preSolution
		HideSolutionNode = FALSE
	EndGlobalSection
	GlobalSection(ExtensibilityGlobals) = postSolution
		SolutionGuid = {2D3BEA4B-C22D-4800-A29F-510E40307FA6}
	EndGlobalSection
EndGlobal
